
Microsoft Visual Studio Solution File, Format Version 12.00
# Visual Studio Version 16
VisualStudioVersion = 16.0.31702.278
MinimumVisualStudioVersion = 10.0.40219.1
Project("{FAE04EC0-301F-11D3-BF4B-00C04F79EFBC}") = "HashTable_Day15", "HashTable_Day15\HashTable_Day15.csproj", "{F553A8BE-5BB0-4ACA-A874-F3DAE88CF39F}"
EndProject
Global
	GlobalSection(SolutionConfigurationPlatforms) = preSolution
		Debug|Any CPU = Debug|Any CPU
		Release|Any CPU = Release|Any CPU
	EndGlobalSection
	GlobalSection(ProjectConfigurationPlatforms) = postSolution
		{F553A8BE-5BB0-4ACA-A874-F3DAE88CF39F}.Debug|Any CPU.ActiveCfg = Debug|Any CPU
		{F553A8BE-5BB0-4ACA-A874-F3DAE88CF39F}.Debug|Any CPU.Build.0 = Debug|Any CPU
		{F553A8BE-5BB0-4ACA-A874-F3DAE88CF39F}.Release|Any CPU.ActiveCfg = Release|Any CPU
		{F553A8BE-5BB0-4ACA-A874-F3DAE88CF39F}.Release|Any CPU.Build.0 = Release|Any CPU
	EndGlobalSection
	GlobalSection(SolutionProperties) = preSolution
		HideSolutionNode = FALSE
	EndGlobalSection
	GlobalSection(ExtensibilityGlobals) = postSolution
		SolutionGuid = {ECAFA7FA-7D98-4934-B2F4-834393966613}
	EndGlobalSection
EndGlobal
